{
  "name": "@esbuild/win32-x64",
  "version": "0.20.2",
  "lockfileVersion": 3,
  "requires": true,
  "packages": {
    "": {
      "name": "@esbuild/win32-x64",
      "version": "0.20.2",
      "cpu": [
        "x64"
      ],
      "license": "MIT",
      "os": [
        "win32"
      ],
      "engines": {
        "node": ">=12"
      }
    }
  }
}
